
Microsoft Visual Studio Solution File, Format Version 12.00
# Visual Studio Version 16
VisualStudioVersion = 16.0.31613.86
MinimumVisualStudioVersion = 10.0.40219.1
Project("{FAE04EC0-301F-11D3-BF4B-00C04F79EFBC}") = "EjerClase01", "EjerClase01\EjerClase01.csproj", "{D9DD3571-926A-4274-A36B-B53051C89F69}"
EndProject
Project("{FAE04EC0-301F-11D3-BF4B-00C04F79EFBC}") = "Ejer01Guia", "Ejer01Guia\Ejer01Guia.csproj", "{8BC39683-EE19-4C66-859C-76E53D92B9CF}"
EndProject
Project("{FAE04EC0-301F-11D3-BF4B-00C04F79EFBC}") = "Ejer02Guia", "Ejer02Guia\Ejer02Guia.csproj", "{B2A11652-7A30-4808-9B68-496ADC442B44}"
EndProject
Project("{FAE04EC0-301F-11D3-BF4B-00C04F79EFBC}") = "Ejer03", "Ejer03\Ejer03.csproj", "{784A2703-729B-4ECB-B68A-C783049D6394}"
EndProject
Project("{FAE04EC0-301F-11D3-BF4B-00C04F79EFBC}") = "Ejer04Guia", "Ejer04Guia\Ejer04Guia.csproj", "{3A1488A9-AACE-44CE-B058-9E82A5C586EB}"
EndProject
Project("{FAE04EC0-301F-11D3-BF4B-00C04F79EFBC}") = "Clase2_Ejercicio", "Clase2_Ejercicio\Clase2_Ejercicio.csproj", "{6016C936-2F0F-47BA-9017-FA59DB47A5F8}"
EndProject
Project("{FAE04EC0-301F-11D3-BF4B-00C04F79EFBC}") = "Ejer05Guia", "Ejer05Guia\Ejer05Guia.csproj", "{40AF07D8-6236-4395-BF07-0C5740F85134}"
EndProject
Project("{FAE04EC0-301F-11D3-BF4B-00C04F79EFBC}") = "Ejer06Guia", "Ejer06Guia\Ejer06Guia.csproj", "{30BFCCD1-EFE0-4FD4-8625-5F509932C365}"
EndProject
Project("{FAE04EC0-301F-11D3-BF4B-00C04F79EFBC}") = "Ejer07Guia", "Ejer07Guia\Ejer07Guia.csproj", "{432259D0-51AE-4186-998A-8E6A0F8663C6}"
EndProject
Project("{FAE04EC0-301F-11D3-BF4B-00C04F79EFBC}") = "Ejer08Guia", "Ejer08Guia\Ejer08Guia.csproj", "{6A51C0AC-2151-49A3-A00A-02EB12ED4357}"
EndProject
Project("{FAE04EC0-301F-11D3-BF4B-00C04F79EFBC}") = "Ejer11Guia", "Ejer11Guia\Ejer11Guia.csproj", "{0C0ECCAE-7C3D-40D3-8865-D4ADF25125D9}"
EndProject
Project("{FAE04EC0-301F-11D3-BF4B-00C04F79EFBC}") = "Ejer12Guia", "Ejer12Guia\Ejer12Guia.csproj", "{555BB215-777A-438F-96CD-3C72155D54A4}"
EndProject
Project("{FAE04EC0-301F-11D3-BF4B-00C04F79EFBC}") = "Ejer13Guia", "Ejer13Guia\Ejer13Guia.csproj", "{4F5D3653-7E6E-4DBA-A90F-B18064A08D9B}"
EndProject
Project("{FAE04EC0-301F-11D3-BF4B-00C04F79EFBC}") = "EjerClase01-09", "EjerClase01-09\EjerClase01-09.csproj", "{77863E0D-9147-45DD-B151-C98E7DBC1DC4}"
EndProject
Project("{FAE04EC0-301F-11D3-BF4B-00C04F79EFBC}") = "Ejer16Guia", "Ejer16Guia\Ejer16Guia.csproj", "{C82F77BA-48B1-4445-AEFE-7BAB5CF015B0}"
EndProject
Project("{FAE04EC0-301F-11D3-BF4B-00C04F79EFBC}") = "Ejercio17Guia", "Ejercio17Guia\Ejercio17Guia.csproj", "{2A4DA343-B269-4B6B-A477-34F0A0A74737}"
EndProject
Project("{FAE04EC0-301F-11D3-BF4B-00C04F79EFBC}") = "Ejer18Guia", "Ejer18Guia\Ejer18Guia.csproj", "{ACC967B3-B35E-45E3-A066-CC47C6DE831A}"
EndProject
Project("{FAE04EC0-301F-11D3-BF4B-00C04F79EFBC}") = "ClassLibrary1", "ClassLibrary1\ClassLibrary1.csproj", "{D4C085BC-A31F-4377-9BE3-2CAEA761DA32}"
EndProject
Project("{FAE04EC0-301F-11D3-BF4B-00C04F79EFBC}") = "Clase08-09", "Clase08-09\Clase08-09.csproj", "{D0322199-C513-4E77-8139-CACF704D36CD}"
EndProject
Project("{FAE04EC0-301F-11D3-BF4B-00C04F79EFBC}") = "Ejer20Guia", "Ejer20Guia\Ejer20Guia.csproj", "{39128429-6EBE-41FF-BD10-1CE850F267AE}"
EndProject
Project("{FAE04EC0-301F-11D3-BF4B-00C04F79EFBC}") = "Entidades", "Entidades\Entidades.csproj", "{1C47D16F-EE41-4C95-8673-5584481F1ED5}"
EndProject
Project("{FAE04EC0-301F-11D3-BF4B-00C04F79EFBC}") = "MiCalculadora", "MiCalculadora\MiCalculadora.csproj", "{9982738D-0150-4808-BBBB-EFC9888325B7}"
EndProject
Project("{FAE04EC0-301F-11D3-BF4B-00C04F79EFBC}") = "TemperasYPinturas", "TemperasYPinturas\TemperasYPinturas.csproj", "{AFD1349D-0A17-473E-AEBE-2A7F6FDF312B}"
EndProject
Global
	GlobalSection(SolutionConfigurationPlatforms) = preSolution
		Debug|Any CPU = Debug|Any CPU
		Release|Any CPU = Release|Any CPU
	EndGlobalSection
	GlobalSection(ProjectConfigurationPlatforms) = postSolution
		{D9DD3571-926A-4274-A36B-B53051C89F69}.Debug|Any CPU.ActiveCfg = Debug|Any CPU
		{D9DD3571-926A-4274-A36B-B53051C89F69}.Debug|Any CPU.Build.0 = Debug|Any CPU
		{D9DD3571-926A-4274-A36B-B53051C89F69}.Release|Any CPU.ActiveCfg = Release|Any CPU
		{D9DD3571-926A-4274-A36B-B53051C89F69}.Release|Any CPU.Build.0 = Release|Any CPU
		{8BC39683-EE19-4C66-859C-76E53D92B9CF}.Debug|Any CPU.ActiveCfg = Debug|Any CPU
		{8BC39683-EE19-4C66-859C-76E53D92B9CF}.Debug|Any CPU.Build.0 = Debug|Any CPU
		{8BC39683-EE19-4C66-859C-76E53D92B9CF}.Release|Any CPU.ActiveCfg = Release|Any CPU
		{8BC39683-EE19-4C66-859C-76E53D92B9CF}.Release|Any CPU.Build.0 = Release|Any CPU
		{B2A11652-7A30-4808-9B68-496ADC442B44}.Debug|Any CPU.ActiveCfg = Debug|Any CPU
		{B2A11652-7A30-4808-9B68-496ADC442B44}.Debug|Any CPU.Build.0 = Debug|Any CPU
		{B2A11652-7A30-4808-9B68-496ADC442B44}.Release|Any CPU.ActiveCfg = Release|Any CPU
		{B2A11652-7A30-4808-9B68-496ADC442B44}.Release|Any CPU.Build.0 = Release|Any CPU
		{784A2703-729B-4ECB-B68A-C783049D6394}.Debug|Any CPU.ActiveCfg = Debug|Any CPU
		{784A2703-729B-4ECB-B68A-C783049D6394}.Debug|Any CPU.Build.0 = Debug|Any CPU
		{784A2703-729B-4ECB-B68A-C783049D6394}.Release|Any CPU.ActiveCfg = Release|Any CPU
		{784A2703-729B-4ECB-B68A-C783049D6394}.Release|Any CPU.Build.0 = Release|Any CPU
		{3A1488A9-AACE-44CE-B058-9E82A5C586EB}.Debug|Any CPU.ActiveCfg = Debug|Any CPU
		{3A1488A9-AACE-44CE-B058-9E82A5C586EB}.Debug|Any CPU.Build.0 = Debug|Any CPU
		{3A1488A9-AACE-44CE-B058-9E82A5C586EB}.Release|Any CPU.ActiveCfg = Release|Any CPU
		{3A1488A9-AACE-44CE-B058-9E82A5C586EB}.Release|Any CPU.Build.0 = Release|Any CPU
		{6016C936-2F0F-47BA-9017-FA59DB47A5F8}.Debug|Any CPU.ActiveCfg = Debug|Any CPU
		{6016C936-2F0F-47BA-9017-FA59DB47A5F8}.Debug|Any CPU.Build.0 = Debug|Any CPU
		{6016C936-2F0F-47BA-9017-FA59DB47A5F8}.Release|Any CPU.ActiveCfg = Release|Any CPU
		{6016C936-2F0F-47BA-9017-FA59DB47A5F8}.Release|Any CPU.Build.0 = Release|Any CPU
		{40AF07D8-6236-4395-BF07-0C5740F85134}.Debug|Any CPU.ActiveCfg = Debug|Any CPU
		{40AF07D8-6236-4395-BF07-0C5740F85134}.Debug|Any CPU.Build.0 = Debug|Any CPU
		{40AF07D8-6236-4395-BF07-0C5740F85134}.Release|Any CPU.ActiveCfg = Release|Any CPU
		{40AF07D8-6236-4395-BF07-0C5740F85134}.Release|Any CPU.Build.0 = Release|Any CPU
		{30BFCCD1-EFE0-4FD4-8625-5F509932C365}.Debug|Any CPU.ActiveCfg = Debug|Any CPU
		{30BFCCD1-EFE0-4FD4-8625-5F509932C365}.Debug|Any CPU.Build.0 = Debug|Any CPU
		{30BFCCD1-EFE0-4FD4-8625-5F509932C365}.Release|Any CPU.ActiveCfg = Release|Any CPU
		{30BFCCD1-EFE0-4FD4-8625-5F509932C365}.Release|Any CPU.Build.0 = Release|Any CPU
		{432259D0-51AE-4186-998A-8E6A0F8663C6}.Debug|Any CPU.ActiveCfg = Debug|Any CPU
		{432259D0-51AE-4186-998A-8E6A0F8663C6}.Debug|Any CPU.Build.0 = Debug|Any CPU
		{432259D0-51AE-4186-998A-8E6A0F8663C6}.Release|Any CPU.ActiveCfg = Release|Any CPU
		{432259D0-51AE-4186-998A-8E6A0F8663C6}.Release|Any CPU.Build.0 = Release|Any CPU
		{6A51C0AC-2151-49A3-A00A-02EB12ED4357}.Debug|Any CPU.ActiveCfg = Debug|Any CPU
		{6A51C0AC-2151-49A3-A00A-02EB12ED4357}.Debug|Any CPU.Build.0 = Debug|Any CPU
		{6A51C0AC-2151-49A3-A00A-02EB12ED4357}.Release|Any CPU.ActiveCfg = Release|Any CPU
		{6A51C0AC-2151-49A3-A00A-02EB12ED4357}.Release|Any CPU.Build.0 = Release|Any CPU
		{0C0ECCAE-7C3D-40D3-8865-D4ADF25125D9}.Debug|Any CPU.ActiveCfg = Debug|Any CPU
		{0C0ECCAE-7C3D-40D3-8865-D4ADF25125D9}.Debug|Any CPU.Build.0 = Debug|Any CPU
		{0C0ECCAE-7C3D-40D3-8865-D4ADF25125D9}.Release|Any CPU.ActiveCfg = Release|Any CPU
		{0C0ECCAE-7C3D-40D3-8865-D4ADF25125D9}.Release|Any CPU.Build.0 = Release|Any CPU
		{555BB215-777A-438F-96CD-3C72155D54A4}.Debug|Any CPU.ActiveCfg = Debug|Any CPU
		{555BB215-777A-438F-96CD-3C72155D54A4}.Debug|Any CPU.Build.0 = Debug|Any CPU
		{555BB215-777A-438F-96CD-3C72155D54A4}.Release|Any CPU.ActiveCfg = Release|Any CPU
		{555BB215-777A-438F-96CD-3C72155D54A4}.Release|Any CPU.Build.0 = Release|Any CPU
		{4F5D3653-7E6E-4DBA-A90F-B18064A08D9B}.Debug|Any CPU.ActiveCfg = Debug|Any CPU
		{4F5D3653-7E6E-4DBA-A90F-B18064A08D9B}.Debug|Any CPU.Build.0 = Debug|Any CPU
		{4F5D3653-7E6E-4DBA-A90F-B18064A08D9B}.Release|Any CPU.ActiveCfg = Release|Any CPU
		{4F5D3653-7E6E-4DBA-A90F-B18064A08D9B}.Release|Any CPU.Build.0 = Release|Any CPU
		{77863E0D-9147-45DD-B151-C98E7DBC1DC4}.Debug|Any CPU.ActiveCfg = Debug|Any CPU
		{77863E0D-9147-45DD-B151-C98E7DBC1DC4}.Debug|Any CPU.Build.0 = Debug|Any CPU
		{77863E0D-9147-45DD-B151-C98E7DBC1DC4}.Release|Any CPU.ActiveCfg = Release|Any CPU
		{77863E0D-9147-45DD-B151-C98E7DBC1DC4}.Release|Any CPU.Build.0 = Release|Any CPU
		{C82F77BA-48B1-4445-AEFE-7BAB5CF015B0}.Debug|Any CPU.ActiveCfg = Debug|Any CPU
		{C82F77BA-48B1-4445-AEFE-7BAB5CF015B0}.Debug|Any CPU.Build.0 = Debug|Any CPU
		{C82F77BA-48B1-4445-AEFE-7BAB5CF015B0}.Release|Any CPU.ActiveCfg = Release|Any CPU
		{C82F77BA-48B1-4445-AEFE-7BAB5CF015B0}.Release|Any CPU.Build.0 = Release|Any CPU
		{2A4DA343-B269-4B6B-A477-34F0A0A74737}.Debug|Any CPU.ActiveCfg = Debug|Any CPU
		{2A4DA343-B269-4B6B-A477-34F0A0A74737}.Debug|Any CPU.Build.0 = Debug|Any CPU
		{2A4DA343-B269-4B6B-A477-34F0A0A74737}.Release|Any CPU.ActiveCfg = Release|Any CPU
		{2A4DA343-B269-4B6B-A477-34F0A0A74737}.Release|Any CPU.Build.0 = Release|Any CPU
		{ACC967B3-B35E-45E3-A066-CC47C6DE831A}.Debug|Any CPU.ActiveCfg = Debug|Any CPU
		{ACC967B3-B35E-45E3-A066-CC47C6DE831A}.Debug|Any CPU.Build.0 = Debug|Any CPU
		{ACC967B3-B35E-45E3-A066-CC47C6DE831A}.Release|Any CPU.ActiveCfg = Release|Any CPU
		{ACC967B3-B35E-45E3-A066-CC47C6DE831A}.Release|Any CPU.Build.0 = Release|Any CPU
		{D4C085BC-A31F-4377-9BE3-2CAEA761DA32}.Debug|Any CPU.ActiveCfg = Debug|Any CPU
		{D4C085BC-A31F-4377-9BE3-2CAEA761DA32}.Debug|Any CPU.Build.0 = Debug|Any CPU
		{D4C085BC-A31F-4377-9BE3-2CAEA761DA32}.Release|Any CPU.ActiveCfg = Release|Any CPU
		{D4C085BC-A31F-4377-9BE3-2CAEA761DA32}.Release|Any CPU.Build.0 = Release|Any CPU
		{D0322199-C513-4E77-8139-CACF704D36CD}.Debug|Any CPU.ActiveCfg = Debug|Any CPU
		{D0322199-C513-4E77-8139-CACF704D36CD}.Debug|Any CPU.Build.0 = Debug|Any CPU
		{D0322199-C513-4E77-8139-CACF704D36CD}.Release|Any CPU.ActiveCfg = Release|Any CPU
		{D0322199-C513-4E77-8139-CACF704D36CD}.Release|Any CPU.Build.0 = Release|Any CPU
		{39128429-6EBE-41FF-BD10-1CE850F267AE}.Debug|Any CPU.ActiveCfg = Debug|Any CPU
		{39128429-6EBE-41FF-BD10-1CE850F267AE}.Debug|Any CPU.Build.0 = Debug|Any CPU
		{39128429-6EBE-41FF-BD10-1CE850F267AE}.Release|Any CPU.ActiveCfg = Release|Any CPU
		{39128429-6EBE-41FF-BD10-1CE850F267AE}.Release|Any CPU.Build.0 = Release|Any CPU
		{1C47D16F-EE41-4C95-8673-5584481F1ED5}.Debug|Any CPU.ActiveCfg = Debug|Any CPU
		{1C47D16F-EE41-4C95-8673-5584481F1ED5}.Debug|Any CPU.Build.0 = Debug|Any CPU
		{1C47D16F-EE41-4C95-8673-5584481F1ED5}.Release|Any CPU.ActiveCfg = Release|Any CPU
		{1C47D16F-EE41-4C95-8673-5584481F1ED5}.Release|Any CPU.Build.0 = Release|Any CPU
		{9982738D-0150-4808-BBBB-EFC9888325B7}.Debug|Any CPU.ActiveCfg = Debug|Any CPU
		{9982738D-0150-4808-BBBB-EFC9888325B7}.Debug|Any CPU.Build.0 = Debug|Any CPU
		{9982738D-0150-4808-BBBB-EFC9888325B7}.Release|Any CPU.ActiveCfg = Release|Any CPU
		{9982738D-0150-4808-BBBB-EFC9888325B7}.Release|Any CPU.Build.0 = Release|Any CPU
		{AFD1349D-0A17-473E-AEBE-2A7F6FDF312B}.Debug|Any CPU.ActiveCfg = Debug|Any CPU
		{AFD1349D-0A17-473E-AEBE-2A7F6FDF312B}.Debug|Any CPU.Build.0 = Debug|Any CPU
		{AFD1349D-0A17-473E-AEBE-2A7F6FDF312B}.Release|Any CPU.ActiveCfg = Release|Any CPU
		{AFD1349D-0A17-473E-AEBE-2A7F6FDF312B}.Release|Any CPU.Build.0 = Release|Any CPU
	EndGlobalSection
	GlobalSection(SolutionProperties) = preSolution
		HideSolutionNode = FALSE
	EndGlobalSection
	GlobalSection(ExtensibilityGlobals) = postSolution
		SolutionGuid = {8FBA3719-D05F-45B9-BCC4-3FFDD94A2C06}
	EndGlobalSection
EndGlobal
